// !$*UTF8*$!
{
	archiveVersion = 1;
	classes = {
	};
	objectVersion = 77;
	objects = {

/* Begin PBXContainerItemProxy section */
		146040972FAF8C65000E93C2 /* PBXContainerItemProxy */ = {
			isa = PBXContainerItemProxy;
			containerPortal = 146040812FAF8C64000E93C2 /* Project object */;
			proxyType = 1;
			remoteGlobalIDString = 146040882FAF8C64000E93C2;
			remoteInfo = "Squish MacOS";
		};
		146040A12FAF8C65000E93C2 /* PBXContainerItemProxy */ = {
			isa = PBXContainerItemProxy;
			containerPortal = 146040812FAF8C64000E93C2 /* Project object */;
			proxyType = 1;
			remoteGlobalIDString = 146040882FAF8C64000E93C2;
			remoteInfo = "Squish MacOS";
		};
/* End PBXContainerItemProxy section */

/* Begin PBXFileReference section */
		146040892FAF8C64000E93C2 /* Squish MacOS.app */ = {isa = PBXFileReference; explicitFileType = wrapper.application; includeInIndex = 0; path = "Squish MacOS.app"; sourceTree = BUILT_PRODUCTS_DIR; };
		146040962FAF8C65000E93C2 /* Squish MacOSTests.xctest */ = {isa = PBXFileReference; explicitFileType = wrapper.cfbundle; includeInIndex = 0; path = "Squish MacOSTests.xctest"; sourceTree = BUILT_PRODUCTS_DIR; };
		146040A02FAF8C65000E93C2 /* Squish MacOSUITests.xctest */ = {isa = PBXFileReference; explicitFileType = wrapper.cfbundle; includeInIndex = 0; path = "Squish MacOSUITests.xctest"; sourceTree = BUILT_PRODUCTS_DIR; };
/* End PBXFileReference section */

/* Begin PBXFileSystemSynchronizedRootGroup section */
		1460408B2FAF8C64000E93C2 /* Squish MacOS */ = {
			isa = PBXFileSystemSynchronizedRootGroup;
			path = "Squish MacOS";
			sourceTree = "<group>";
		};
		146040992FAF8C65000E93C2 /* Squish MacOSTests */ = {
			isa = PBXFileSystemSynchronizedRootGroup;
			path = "Squish MacOSTests";
			sourceTree = "<group>";
		};
		146040A32FAF8C65000E93C2 /* Squish MacOSUITests */ = {
			isa = PBXFileSystemSynchronizedRootGroup;
			path = "Squish MacOSUITests";
			sourceTree = "<group>";
		};
/* End PBXFileSystemSynchronizedRootGroup section */

/* Begin PBXFrameworksBuildPhase section */
		146040862FAF8C64000E93C2 /* Frameworks */ = {
			isa = PBXFrameworksBuildPhase;
			buildActionMask = 2147483647;
			files = (
			);
			runOnlyForDeploymentPostprocessing = 0;
		};
		146040932FAF8C65000E93C2 /* Frameworks */ = {
			isa = PBXFrameworksBuildPhase;
			buildActionMask = 2147483647;
			files = (
			);
			runOnlyForDeploymentPostprocessing = 0;
		};
		1460409D2FAF8C65000E93C2 /* Frameworks */ = {
			isa = PBXFrameworksBuildPhase;
			buildActionMask = 2147483647;
			files = (
			);
			runOnlyForDeploymentPostprocessing = 0;
		};
/* End PBXFrameworksBuildPhase section */

/* Begin PBXGroup section */
		146040802FAF8C64000E93C2 = {
			isa = PBXGroup;
			children = (
				1460408B2FAF8C64000E93C2 /* Squish MacOS */,
				146040992FAF8C65000E93C2 /* Squish MacOSTests */,
				146040A32FAF8C65000E93C2 /* Squish MacOSUITests */,
				1460408A2FAF8C64000E93C2 /* Products */,
			);
			sourceTree = "<group>";
		};
		1460408A2FAF8C64000E93C2 /* Products */ = {
			isa = PBXGroup;
			children = (
				146040892FAF8C64000E93C2 /* Squish MacOS.app */,
				146040962FAF8C65000E93C2 /* Squish MacOSTests.xctest */,
				146040A02FAF8C65000E93C2 /* Squish MacOSUITests.xctest */,
			);
			name = Products;
			sourceTree = "<group>";
		};
/* End PBXGroup section */

/* Begin PBXNativeTarget section */
		146040882FAF8C64000E93C2 /* Squish MacOS */ = {
			isa = PBXNativeTarget;
			buildConfigurationList = 146040AA2FAF8C65000E93C2 /* Build configuration list for PBXNativeTarget "Squish MacOS" */;
			buildPhases = (
				146040852FAF8C64000E93C2 /* Sources */,
				146040862FAF8C64000E93C2 /* Frameworks */,
				146040872FAF8C64000E93C2 /* Resources */,
			);
			buildRules = (
			);
			dependencies = (
			);
			fileSystemSynchronizedGroups = (
				1460408B2FAF8C64000E93C2 /* Squish MacOS */,
			);
			name = "Squish MacOS";
			packageProductDependencies = (
			);
			productName = "Squish MacOS";
			productReference = 146040892FAF8C64000E93C2 /* Squish MacOS.app */;
			productType = "com.apple.product-type.application";
		};
		146040952FAF8C65000E93C2 /* Squish MacOSTests */ = {
			isa = PBXNativeTarget;
			buildConfigurationList = 146040AD2FAF8C65000E93C2 /* Build configuration list for PBXNativeTarget "Squish MacOSTests" */;
			buildPhases = (
				146040922FAF8C65000E93C2 /* Sources */,
				146040932FAF8C65000E93C2 /* Frameworks */,
				146040942FAF8C65000E93C2 /* Resources */,
			);
			buildRules = (
			);
			dependencies = (
				146040982FAF8C65000E93C2 /* PBXTargetDependency */,
			);
			fileSystemSynchronizedGroups = (
				146040992FAF8C65000E93C2 /* Squish MacOSTests */,
			);
			name = "Squish MacOSTests";
			packageProductDependencies = (
			);
			productName = "Squish MacOSTests";
			productReference = 146040962FAF8C65000E93C2 /* Squish MacOSTests.xctest */;
			productType = "com.apple.product-type.bundle.unit-test";
		};
		1460409F2FAF8C65000E93C2 /* Squish MacOSUITests */ = {
			isa = PBXNativeTarget;
			buildConfigurationList = 146040B02FAF8C65000E93C2 /* Build configuration list for PBXNativeTarget "Squish MacOSUITests" */;
			buildPhases = (
				1460409C2FAF8C65000E93C2 /* Sources */,
				1460409D2FAF8C65000E93C2 /* Frameworks */,
				1460409E2FAF8C65000E93C2 /* Resources */,
			);
			buildRules = (
			);
			dependencies = (
				146040A22FAF8C65000E93C2 /* PBXTargetDependency */,
			);
			fileSystemSynchronizedGroups = (
				146040A32FAF8C65000E93C2 /* Squish MacOSUITests */,
			);
			name = "Squish MacOSUITests";
			packageProductDependencies = (
			);
			productName = "Squish MacOSUITests";
			productReference = 146040A02FAF8C65000E93C2 /* Squish MacOSUITests.xctest */;
			productType = "com.apple.product-type.bundle.ui-testing";
		};
/* End PBXNativeTarget section */

/* Begin PBXProject section */
		146040812FAF8C64000E93C2 /* Project object */ = {
			isa = PBXProject;
			attributes = {
				BuildIndependentTargetsInParallel = 1;
				LastSwiftUpdateCheck = 2640;
				LastUpgradeCheck = 2640;
				TargetAttributes = {
					146040882FAF8C64000E93C2 = {
						CreatedOnToolsVersion = 26.4.1;
					};
					146040952FAF8C65000E93C2 = {
						CreatedOnToolsVersion = 26.4.1;
						TestTargetID = 146040882FAF8C64000E93C2;
					};
					1460409F2FAF8C65000E93C2 = {
						CreatedOnToolsVersion = 26.4.1;
						TestTargetID = 146040882FAF8C64000E93C2;
					};
				};
			};
			buildConfigurationList = 146040842FAF8C64000E93C2 /* Build configuration list for PBXProject "Squish MacOS" */;
			developmentRegion = en;
			hasScannedForEncodings = 0;
			knownRegions = (
				en,
				Base,
			);
			mainGroup = 146040802FAF8C64000E93C2;
			minimizedProjectReferenceProxies = 1;
			preferredProjectObjectVersion = 77;
			productRefGroup = 1460408A2FAF8C64000E93C2 /* Products */;
			projectDirPath = "";
			projectRoot = "";
			targets = (
				146040882FAF8C64000E93C2 /* Squish MacOS */,
				146040952FAF8C65000E93C2 /* Squish MacOSTests */,
				1460409F2FAF8C65000E93C2 /* Squish MacOSUITests */,
			);
		};
/* End PBXProject section */

/* Begin PBXResourcesBuildPhase section */
		146040872FAF8C64000E93C2 /* Resources */ = {
			isa = PBXResourcesBuildPhase;
			buildActionMask = 2147483647;
			files = (
			);
			runOnlyForDeploymentPostprocessing = 0;
		};
		146040942FAF8C65000E93C2 /* Resources */ = {
			isa = PBXResourcesBuildPhase;
			buildActionMask = 2147483647;
			files = (
			);
			runOnlyForDeploymentPostprocessing = 0;
		};
		1460409E2FAF8C65000E93C2 /* Resources */ = {
			isa = PBXResourcesBuildPhase;
			buildActionMask = 2147483647;
			files = (
			);
			runOnlyForDeploymentPostprocessing = 0;
		};
/* End PBXResourcesBuildPhase section */

/* Begin PBXSourcesBuildPhase section */
		146040852FAF8C64000E93C2 /* Sources */ = {
			isa = PBXSourcesBuildPhase;
			buildActionMask = 2147483647;
			files = (
			);
			runOnlyForDeploymentPostprocessing = 0;
		};
		146040922FAF8C65000E93C2 /* Sources */ = {
			isa = PBXSourcesBuildPhase;
			buildActionMask = 2147483647;
			files = (
			);
			runOnlyForDeploymentPostprocessing = 0;
		};
		1460409C2FAF8C65000E93C2 /* Sources */ = {
			isa = PBXSourcesBuildPhase;
			buildActionMask = 2147483647;
			files = (
			);
			runOnlyForDeploymentPostprocessing = 0;
		};
/* End PBXSourcesBuildPhase section */

/* Begin PBXTargetDependency section */
		146040982FAF8C65000E93C2 /* PBXTargetDependency */ = {
			isa = PBXTargetDependency;
			target = 146040882FAF8C64000E93C2 /* Squish MacOS */;
			targetProxy = 146040972FAF8C65000E93C2 /* PBXContainerItemProxy */;
		};
		146040A22FAF8C65000E93C2 /* PBXTargetDependency */ = {
			isa = PBXTargetDependency;
			target = 146040882FAF8C64000E93C2 /* Squish MacOS */;
			targetProxy = 146040A12FAF8C65000E93C2 /* PBXContainerItemProxy */;
		};
/* End PBXTargetDependency section */

/* Begin XCBuildConfiguration section */
		146040A82FAF8C65000E93C2 /* Debug */ = {
			isa = XCBuildConfiguration;
			buildSettings = {
				ALWAYS_SEARCH_USER_PATHS = NO;
				ASSETCATALOG_COMPILER_GENERATE_SWIFT_ASSET_SYMBOL_EXTENSIONS = YES;
				CLANG_ANALYZER_NONNULL = YES;
				CLANG_ANALYZER_NUMBER_OBJECT_CONVERSION = YES_AGGRESSIVE;
				CLANG_CXX_LANGUAGE_STANDARD = "gnu++20";
				CLANG_ENABLE_MODULES = YES;
				CLANG_ENABLE_OBJC_ARC = YES;
				CLANG_ENABLE_OBJC_WEAK = YES;
				CLANG_WARN_BLOCK_CAPTURE_AUTORELEASING = YES;
				CLANG_WARN_BOOL_CONVERSION = YES;
				CLANG_WARN_COMMA = YES;
				CLANG_WARN_CONSTANT_CONVERSION = YES;
				CLANG_WARN_DEPRECATED_OBJC_IMPLEMENTATIONS = YES;
				CLANG_WARN_DIRECT_OBJC_ISA_USAGE = YES_ERROR;
				CLANG_WARN_DOCUMENTATION_COMMENTS = YES;
				CLANG_WARN_EMPTY_BODY = YES;
				CLANG_WARN_ENUM_CONVERSION = YES;
				CLANG_WARN_INFINITE_RECURSION = YES;
				CLANG_WARN_INT_CONVERSION = YES;
				CLANG_WARN_NON_LITERAL_NULL_CONVERSION = YES;
				CLANG_WARN_OBJC_IMPLICIT_RETAIN_SELF = YES;
				CLANG_WARN_OBJC_LITERAL_CONVERSION = YES;
				CLANG_WARN_OBJC_ROOT_CLASS = YES_ERROR;
				CLANG_WARN_QUOTED_INCLUDE_IN_FRAMEWORK_HEADER = YES;
				CLANG_WARN_RANGE_LOOP_ANALYSIS = YES;
				CLANG_WARN_STRICT_PROTOTYPES = YES;
				CLANG_WARN_SUSPICIOUS_MOVE = YES;
				CLANG_WARN_UNGUARDED_AVAILABILITY = YES_AGGRESSIVE;
				CLANG_WARN_UNREACHABLE_CODE = YES;
				CLANG_WARN__DUPLICATE_METHOD_MATCH = YES;
				COPY_PHASE_STRIP = NO;
				DEBUG_INFORMATION_FORMAT = dwarf;
				DEVELOPMENT_TEAM = FV5WA3B79G;
				ENABLE_STRICT_OBJC_MSGSEND = YES;
				ENABLE_TESTABILITY = YES;
				ENABLE_USER_SCRIPT_SANDBOXING = YES;
				GCC_C_LANGUAGE_STANDARD = gnu17;
				GCC_DYNAMIC_NO_PIC = NO;
				GCC_NO_COMMON_BLOCKS = YES;
				GCC_OPTIMIZATION_LEVEL = 0;
				GCC_PREPROCESSOR_DEFINITIONS = (
					"DEBUG=1",
					"$(inherited)",
				);
				GCC_WARN_64_TO_32_BIT_CONVERSION = YES;
				GCC_WARN_ABOUT_RETURN_TYPE = YES_ERROR;
				GCC_WARN_UNDECLARED_SELECTOR = YES;
				GCC_WARN_UNINITIALIZED_AUTOS = YES_AGGRESSIVE;
				GCC_WARN_UNUSED_FUNCTION = YES;
				GCC_WARN_UNUSED_VARIABLE = YES;
				LOCALIZATION_PREFERS_STRING_CATALOGS = YES;
				MACOSX_DEPLOYMENT_TARGET = 26.4;
				MTL_ENABLE_DEBUG_INFO = INCLUDE_SOURCE;
				MTL_FAST_MATH = YES;
				ONLY_ACTIVE_ARCH = YES;
				SDKROOT = macosx;
				SWIFT_ACTIVE_COMPILATION_CONDITIONS = "DEBUG $(inherited)";
				SWIFT_OPTIMIZATION_LEVEL = "-Onone";
			};
			name = Debug;
		};
		146040A92FAF8C65000E93C2 /* Release */ = {
			isa = XCBuildConfiguration;
			buildSettings = {
				ALWAYS_SEARCH_USER_PATHS = NO;
				ASSETCATALOG_COMPILER_GENERATE_SWIFT_ASSET_SYMBOL_EXTENSIONS = YES;
				CLANG_ANALYZER_NONNULL = YES;
				CLANG_ANALYZER_NUMBER_OBJECT_CONVERSION = YES_AGGRESSIVE;
				CLANG_CXX_LANGUAGE_STANDARD = "gnu++20";
				CLANG_ENABLE_MODULES = YES;
				CLANG_ENABLE_OBJC_ARC = YES;
				CLANG_ENABLE_OBJC_WEAK = YES;
				CLANG_WARN_BLOCK_CAPTURE_AUTORELEASING = YES;
				CLANG_WARN_BOOL_CONVERSION = YES;
				CLANG_WARN_COMMA = YES;
				CLANG_WARN_CONSTANT_CONVERSION = YES;
				CLANG_WARN_DEPRECATED_OBJC_IMPLEMENTATIONS = YES;
				CLANG_WARN_DIRECT_OBJC_ISA_USAGE = YES_ERROR;
				CLANG_WARN_DOCUMENTATION_COMMENTS = YES;
				CLANG_WARN_EMPTY_BODY = YES;
				CLANG_WARN_ENUM_CONVERSION = YES;
				CLANG_WARN_INFINITE_RECURSION = YES;
				CLANG_WARN_INT_CONVERSION = YES;
				CLANG_WARN_NON_LITERAL_NULL_CONVERSION = YES;
				CLANG_WARN_OBJC_IMPLICIT_RETAIN_SELF = YES;
				CLANG_WARN_OBJC_LITERAL_CONVERSION = YES;
				CLANG_WARN_OBJC_ROOT_CLASS = YES_ERROR;
				CLANG_WARN_QUOTED_INCLUDE_IN_FRAMEWORK_HEADER = YES;
				CLANG_WARN_RANGE_LOOP_ANALYSIS = YES;
				CLANG_WARN_STRICT_PROTOTYPES = YES;
				CLANG_WARN_SUSPICIOUS_MOVE = YES;
				CLANG_WARN_UNGUARDED_AVAILABILITY = YES_AGGRESSIVE;
				CLANG_WARN_UNREACHABLE_CODE = YES;
				CLANG_WARN__DUPLICATE_METHOD_MATCH = YES;
				COPY_PHASE_STRIP = NO;
				DEBUG_INFORMATION_FORMAT = "dwarf-with-dsym";
				DEVELOPMENT_TEAM = FV5WA3B79G;
				ENABLE_NS_ASSERTIONS = NO;
				ENABLE_STRICT_OBJC_MSGSEND = YES;
				ENABLE_USER_SCRIPT_SANDBOXING = YES;
				GCC_C_LANGUAGE_STANDARD = gnu17;
				GCC_NO_COMMON_BLOCKS = YES;
				GCC_WARN_64_TO_32_BIT_CONVERSION = YES;
				GCC_WARN_ABOUT_RETURN_TYPE = YES_ERROR;
				GCC_WARN_UNDECLARED_SELECTOR = YES;
				GCC_WARN_UNINITIALIZED_AUTOS = YES_AGGRESSIVE;
				GCC_WARN_UNUSED_FUNCTION = YES;
				GCC_WARN_UNUSED_VARIABLE = YES;
				LOCALIZATION_PREFERS_STRING_CATALOGS = YES;
				MACOSX_DEPLOYMENT_TARGET = 26.4;
				MTL_ENABLE_DEBUG_INFO = NO;
				MTL_FAST_MATH = YES;
				SDKROOT = macosx;
				SWIFT_COMPILATION_MODE = wholemodule;
			};
			name = Release;
		};
		146040AB2FAF8C65000E93C2 /* Debug */ = {
			isa = XCBuildConfiguration;
			buildSettings = {
				ASSETCATALOG_COMPILER_APPICON_NAME = AppIcon;
				ASSETCATALOG_COMPILER_GLOBAL_ACCENT_COLOR_NAME = AccentColor;
				CODE_SIGN_ENTITLEMENTS = "Squish MacOS/Squish.entitlements";
				CODE_SIGN_STYLE = Automatic;
				COMBINE_HIDPI_IMAGES = YES;
				CURRENT_PROJECT_VERSION = 1;
				DEVELOPMENT_TEAM = FV5WA3B79G;
				ENABLE_APP_SANDBOX = YES;
				ENABLE_HARDENED_RUNTIME = YES;
				GENERATE_INFOPLIST_FILE = NO;
				INFOPLIST_FILE = "Squish MacOS/Info.plist";
				LD_RUNPATH_SEARCH_PATHS = (
					"$(inherited)",
					"@executable_path/../Frameworks",
				);
				MARKETING_VERSION = 1.0;
				PRODUCT_BUNDLE_IDENTIFIER = com.mayankd.squish;
				PRODUCT_NAME = "$(TARGET_NAME)";
				SWIFT_APPROACHABLE_CONCURRENCY = YES;
				SWIFT_DEFAULT_ACTOR_ISOLATION = MainActor;
				SWIFT_EMIT_LOC_STRINGS = YES;
				SWIFT_UPCOMING_FEATURE_MEMBER_IMPORT_VISIBILITY = YES;
				SWIFT_VERSION = 5.0;
			};
			name = Debug;
		};
		146040AC2FAF8C65000E93C2 /* Release */ = {
			isa = XCBuildConfiguration;
			buildSettings = {
				ASSETCATALOG_COMPILER_APPICON_NAME = AppIcon;
				ASSETCATALOG_COMPILER_GLOBAL_ACCENT_COLOR_NAME = AccentColor;
				CODE_SIGN_ENTITLEMENTS = "Squish MacOS/Squish.entitlements";
				CODE_SIGN_STYLE = Automatic;
				COMBINE_HIDPI_IMAGES = YES;
				CURRENT_PROJECT_VERSION = 1;
				DEVELOPMENT_TEAM = FV5WA3B79G;
				ENABLE_APP_SANDBOX = YES;
				ENABLE_HARDENED_RUNTIME = YES;
				GENERATE_INFOPLIST_FILE = NO;
				INFOPLIST_FILE = "Squish MacOS/Info.plist";
				LD_RUNPATH_SEARCH_PATHS = (
					"$(inherited)",
					"@executable_path/../Frameworks",
				);
				MARKETING_VERSION = 1.0;
				PRODUCT_BUNDLE_IDENTIFIER = com.mayankd.squish;
				PRODUCT_NAME = "$(TARGET_NAME)";
				SWIFT_APPROACHABLE_CONCURRENCY = YES;
				SWIFT_DEFAULT_ACTOR_ISOLATION = MainActor;
				SWIFT_EMIT_LOC_STRINGS = YES;
				SWIFT_UPCOMING_FEATURE_MEMBER_IMPORT_VISIBILITY = YES;
				SWIFT_VERSION = 5.0;
			};
			name = Release;
		};
		146040AE2FAF8C65000E93C2 /* Debug */ = {
			isa = XCBuildConfiguration;
			buildSettings = {
				BUNDLE_LOADER = "$(TEST_HOST)";
				CODE_SIGN_STYLE = Automatic;
				CURRENT_PROJECT_VERSION = 1;
				DEVELOPMENT_TEAM = FV5WA3B79G;
				GENERATE_INFOPLIST_FILE = YES;
				MACOSX_DEPLOYMENT_TARGET = 26.4;
				MARKETING_VERSION = 1.0;
				PRODUCT_BUNDLE_IDENTIFIER = "Simply-Put-Co..Squish-MacOSTests";
				PRODUCT_NAME = "$(TARGET_NAME)";
				STRING_CATALOG_GENERATE_SYMBOLS = NO;
				SWIFT_APPROACHABLE_CONCURRENCY = YES;
				SWIFT_EMIT_LOC_STRINGS = NO;
				SWIFT_UPCOMING_FEATURE_MEMBER_IMPORT_VISIBILITY = YES;
				SWIFT_VERSION = 5.0;
				TEST_HOST = "$(BUILT_PRODUCTS_DIR)/Squish MacOS.app/$(BUNDLE_EXECUTABLE_FOLDER_PATH)/Squish MacOS";
			};
			name = Debug;
		};
		146040AF2FAF8C65000E93C2 /* Release */ = {
			isa = XCBuildConfiguration;
			buildSettings = {
				BUNDLE_LOADER = "$(TEST_HOST)";
				CODE_SIGN_STYLE = Automatic;
				CURRENT_PROJECT_VERSION = 1;
				DEVELOPMENT_TEAM = FV5WA3B79G;
				GENERATE_INFOPLIST_FILE = YES;
				MACOSX_DEPLOYMENT_TARGET = 26.4;
				MARKETING_VERSION = 1.0;
				PRODUCT_BUNDLE_IDENTIFIER = "Simply-Put-Co..Squish-MacOSTests";
				PRODUCT_NAME = "$(TARGET_NAME)";
				STRING_CATALOG_GENERATE_SYMBOLS = NO;
				SWIFT_APPROACHABLE_CONCURRENCY = YES;
				SWIFT_EMIT_LOC_STRINGS = NO;
				SWIFT_UPCOMING_FEATURE_MEMBER_IMPORT_VISIBILITY = YES;
				SWIFT_VERSION = 5.0;
				TEST_HOST = "$(BUILT_PRODUCTS_DIR)/Squish MacOS.app/$(BUNDLE_EXECUTABLE_FOLDER_PATH)/Squish MacOS";
			};
			name = Release;
		};
		146040B12FAF8C65000E93C2 /* Debug */ = {
			isa = XCBuildConfiguration;
			buildSettings = {
				CODE_SIGN_STYLE = Automatic;
				CURRENT_PROJECT_VERSION = 1;
				DEVELOPMENT_TEAM = FV5WA3B79G;
				GENERATE_INFOPLIST_FILE = YES;
				MARKETING_VERSION = 1.0;
				PRODUCT_BUNDLE_IDENTIFIER = "Simply-Put-Co..Squish-MacOSUITests";
				PRODUCT_NAME = "$(TARGET_NAME)";
				STRING_CATALOG_GENERATE_SYMBOLS = NO;
				SWIFT_APPROACHABLE_CONCURRENCY = YES;
				SWIFT_EMIT_LOC_STRINGS = NO;
				SWIFT_UPCOMING_FEATURE_MEMBER_IMPORT_VISIBILITY = YES;
				SWIFT_VERSION = 5.0;
				TEST_TARGET_NAME = "Squish MacOS";
			};
			name = Debug;
		};
		146040B22FAF8C65000E93C2 /* Release */ = {
			isa = XCBuildConfiguration;
			buildSettings = {
				CODE_SIGN_STYLE = Automatic;
				CURRENT_PROJECT_VERSION = 1;
				DEVELOPMENT_TEAM = FV5WA3B79G;
				GENERATE_INFOPLIST_FILE = YES;
				MARKETING_VERSION = 1.0;
				PRODUCT_BUNDLE_IDENTIFIER = "Simply-Put-Co..Squish-MacOSUITests";
				PRODUCT_NAME = "$(TARGET_NAME)";
				STRING_CATALOG_GENERATE_SYMBOLS = NO;
				SWIFT_APPROACHABLE_CONCURRENCY = YES;
				SWIFT_EMIT_LOC_STRINGS = NO;
				SWIFT_UPCOMING_FEATURE_MEMBER_IMPORT_VISIBILITY = YES;
				SWIFT_VERSION = 5.0;
				TEST_TARGET_NAME = "Squish MacOS";
			};
			name = Release;
		};
/* End XCBuildConfiguration section */

/* Begin XCConfigurationList section */
		146040842FAF8C64000E93C2 /* Build configuration list for PBXProject "Squish MacOS" */ = {
			isa = XCConfigurationList;
			buildConfigurations = (
				146040A82FAF8C65000E93C2 /* Debug */,
				146040A92FAF8C65000E93C2 /* Release */,
			);
			defaultConfigurationIsVisible = 0;
			defaultConfigurationName = Release;
		};
		146040AA2FAF8C65000E93C2 /* Build configuration list for PBXNativeTarget "Squish MacOS" */ = {
			isa = XCConfigurationList;
			buildConfigurations = (
				146040AB2FAF8C65000E93C2 /* Debug */,
				146040AC2FAF8C65000E93C2 /* Release */,
			);
			defaultConfigurationIsVisible = 0;
			defaultConfigurationName = Release;
		};
		146040AD2FAF8C65000E93C2 /* Build configuration list for PBXNativeTarget "Squish MacOSTests" */ = {
			isa = XCConfigurationList;
			buildConfigurations = (
				146040AE2FAF8C65000E93C2 /* Debug */,
				146040AF2FAF8C65000E93C2 /* Release */,
			);
			defaultConfigurationIsVisible = 0;
			defaultConfigurationName = Release;
		};
		146040B02FAF8C65000E93C2 /* Build configuration list for PBXNativeTarget "Squish MacOSUITests" */ = {
			isa = XCConfigurationList;
			buildConfigurations = (
				146040B12FAF8C65000E93C2 /* Debug */,
				146040B22FAF8C65000E93C2 /* Release */,
			);
			defaultConfigurationIsVisible = 0;
			defaultConfigurationName = Release;
		};
/* End XCConfigurationList section */
	};
	rootObject = 146040812FAF8C64000E93C2 /* Project object */;
}
